<?xml version="1.0" encoding="utf-8"?>
<Project ToolsVersion="4.0" xmlns="http://schemas.microsoft.com/developer/msbuild/2003">
  <ItemGroup>
    <Filter Include="源文件">
      <UniqueIdentifier>{4FC737F1-C7A5-4376-A066-2A32D752A2FF}</UniqueIdentifier>
      <Extensions>cpp;c;cc;cxx;def;odl;idl;hpj;bat;asm;asmx</Extensions>
    </Filter>
    <Filter Include="头文件">
      <UniqueIdentifier>{93995380-89BD-4b04-88EB-625FBE52EBFB}</UniqueIdentifier>
      <Extensions>h;hh;hpp;hxx;hm;inl;inc;xsd</Extensions>
    </Filter>
    <Filter Include="资源文件">
      <UniqueIdentifier>{67DA6AB6-F800-4c08-8B7A-83BB121AAD01}</UniqueIdentifier>
      <Extensions>rc;ico;cur;bmp;dlg;rc2;rct;bin;rgs;gif;jpg;jpeg;jpe;resx;tiff;tif;png;wav;mfcribbon-ms</Extensions>
    </Filter>
    <Filter Include="源文件\data">
      <UniqueIdentifier>{ee493597-54b6-4a83-8af5-90034f5363ff}</UniqueIdentifier>
    </Filter>
    <Filter Include="源文件\data\Jiaxing">
      <UniqueIdentifier>{d1cb1c67-ed62-4480-8c40-4b3ce6b526af}</UniqueIdentifier>
    </Filter>
    <Filter Include="源文件\data\Boston">
      <UniqueIdentifier>{7c4f1307-ec59-400e-a718-429379b0e3f7}</UniqueIdentifier>
    </Filter>
  </ItemGroup>
  <ItemGroup>
    <ClInclude Include="stdafx.h">
      <Filter>头文件</Filter>
    </ClInclude>
    <ClInclude Include="targetver.h">
      <Filter>头文件</Filter>
    </ClInclude>
    <ClInclude Include="passengerOD.h">
      <Filter>头文件</Filter>
    </ClInclude>
    <ClInclude Include="TransitNetworkLoading.h">
      <Filter>头文件</Filter>
    </ClInclude>
    <ClInclude Include="DynamicTransitAssignmentBosTon.h">
      <Filter>头文件</Filter>
    </ClInclude>
    <ClInclude Include="JiaxingData.h">
      <Filter>头文件</Filter>
    </ClInclude>
    <ClInclude Include="BostonData.h">
      <Filter>头文件</Filter>
    </ClInclude>
    <ClInclude Include="PADPC.h">
      <Filter>头文件</Filter>
    </ClInclude>
  </ItemGroup>
  <ItemGroup>
    <ClCompile Include="stdafx.cpp">
      <Filter>源文件</Filter>
    </ClCompile>
    <ClCompile Include="DynamicTransitAssignment.cpp">
      <Filter>源文件</Filter>
    </ClCompile>
    <ClCompile Include="passengerOD.cpp">
      <Filter>源文件</Filter>
    </ClCompile>
    <ClCompile Include="TransitNetworkLoading.cpp">
      <Filter>源文件</Filter>
    </ClCompile>
    <ClCompile Include="JiaxingData.cpp">
      <Filter>源文件\data\Jiaxing</Filter>
    </ClCompile>
    <ClCompile Include="BostonData.cpp">
      <Filter>源文件\data\Boston</Filter>
    </ClCompile>
    <ClCompile Include="PADPC.cpp">
      <Filter>源文件</Filter>
    </ClCompile>
  </ItemGroup>
  <ItemGroup>
    <Text Include="backup.txt" />
  </ItemGroup>
</Project>